
Microsoft Visual Studio Solution File, Format Version 12.00
# Visual Studio Version 17
VisualStudioVersion = 17.5.33627.172
MinimumVisualStudioVersion = 10.0.40219.1
Project("{FAE04EC0-301F-11D3-BF4B-00C04F79EFBC}") = "AsyncFileRemover", "dmp\AsyncFileRemover.csproj", "{2C39409F-E996-4A11-9A6E-6AC221B843A4}"
EndProject
Global
	GlobalSection(SolutionConfigurationPlatforms) = preSolution
		Debug|Any CPU = Debug|Any CPU
		Release|Any CPU = Release|Any CPU
	EndGlobalSection
	GlobalSection(ProjectConfigurationPlatforms) = postSolution
		{2C39409F-E996-4A11-9A6E-6AC221B843A4}.Debug|Any CPU.ActiveCfg = Debug|Any CPU
		{2C39409F-E996-4A11-9A6E-6AC221B843A4}.Debug|Any CPU.Build.0 = Debug|Any CPU
		{2C39409F-E996-4A11-9A6E-6AC221B843A4}.Release|Any CPU.ActiveCfg = Release|Any CPU
		{2C39409F-E996-4A11-9A6E-6AC221B843A4}.Release|Any CPU.Build.0 = Release|Any CPU
	EndGlobalSection
	GlobalSection(SolutionProperties) = preSolution
		HideSolutionNode = FALSE
	EndGlobalSection
	GlobalSection(ExtensibilityGlobals) = postSolution
		SolutionGuid = {C7213AFC-2298-4E37-A79B-B40ECF3C6B03}
	EndGlobalSection
EndGlobal
